// !$*UTF8*$!
{
	archiveVersion = 1;
	classes = {
	};
	objectVersion = 46;
	objects = {

/* Begin PBXBuildFile section */
		3202F10D1A993C8600B59662 /* Entitlements.plist in Resources */ = {isa = PBXBuildFile; fileRef = 3202F10C1A993C8600B59662 /* Entitlements.plist */; };
		BFB78B531A9DE3D300B35F5B /* button_share_s@3x.png in Resources */ = {isa = PBXBuildFile; fileRef = BFB78B511A9DE3D300B35F5B /* button_share_s@3x.png */; };
		BFB78B541A9DE3D300B35F5B /* button_share@3x.png in Resources */ = {isa = PBXBuildFile; fileRef = BFB78B521A9DE3D300B35F5B /* button_share@3x.png */; };
		BFCA25511A973B7300B1632D /* DSSelectTestViewController.m in Sources */ = {isa = PBXBuildFile; fileRef = BFCA25501A973B7300B1632D /* DSSelectTestViewController.m */; };
		BFCA25541A973B9C00B1632D /* DSConfirmTestViewController.m in Sources */ = {isa = PBXBuildFile; fileRef = BFCA25531A973B9C00B1632D /* DSConfirmTestViewController.m */; };
		BFCA25571A973BBA00B1632D /* DSSelectSexViewController.m in Sources */ = {isa = PBXBuildFile; fileRef = BFCA25561A973BBA00B1632D /* DSSelectSexViewController.m */; };
		BFCA255A1A973CE700B1632D /* DSTestViewController.m in Sources */ = {isa = PBXBuildFile; fileRef = BFCA25591A973CE700B1632D /* DSTestViewController.m */; };
		BFCA255D1A973D0400B1632D /* DSResultTestViewController.m in Sources */ = {isa = PBXBuildFile; fileRef = BFCA255C1A973D0400B1632D /* DSResultTestViewController.m */; };
		BFCA25611A97411200B1632D /* DSTestManager.m in Sources */ = {isa = PBXBuildFile; fileRef = BFCA25601A97411200B1632D /* DSTestManager.m */; };
		BFCA257F1A976E0D00B1632D /* bg@3x.png in Resources */ = {isa = PBXBuildFile; fileRef = BFCA256B1A976E0D00B1632D /* bg@3x.png */; };
		BFCA25801A976E0D00B1632D /* but_info@3x.png in Resources */ = {isa = PBXBuildFile; fileRef = BFCA256D1A976E0D00B1632D /* but_info@3x.png */; };
		BFCA25811A976E0D00B1632D /* but_info_big@3x.png in Resources */ = {isa = PBXBuildFile; fileRef = BFCA256E1A976E0D00B1632D /* but_info_big@3x.png */; };
		BFCA25821A976E0D00B1632D /* but_info_big_s@3x.png in Resources */ = {isa = PBXBuildFile; fileRef = BFCA256F1A976E0D00B1632D /* but_info_big_s@3x.png */; };
		BFCA25831A976E0D00B1632D /* but_onwards@3x.png in Resources */ = {isa = PBXBuildFile; fileRef = BFCA25701A976E0D00B1632D /* but_onwards@3x.png */; };
		BFCA25841A976E0D00B1632D /* but_onwards_s@3x.png in Resources */ = {isa = PBXBuildFile; fileRef = BFCA25711A976E0D00B1632D /* but_onwards_s@3x.png */; };
		BFCA25851A976E0D00B1632D /* button@3x.png in Resources */ = {isa = PBXBuildFile; fileRef = BFCA25721A976E0D00B1632D /* button@3x.png */; };
		BFCA25861A976E0D00B1632D /* button_begin@3x.png in Resources */ = {isa = PBXBuildFile; fileRef = BFCA25731A976E0D00B1632D /* button_begin@3x.png */; };
		BFCA25871A976E0D00B1632D /* button_begin_s@3x.png in Resources */ = {isa = PBXBuildFile; fileRef = BFCA25741A976E0D00B1632D /* button_begin_s@3x.png */; };
		BFCA25881A976E0D00B1632D /* button_fb@3x.png in Resources */ = {isa = PBXBuildFile; fileRef = BFCA25751A976E0D00B1632D /* button_fb@3x.png */; };
		BFCA25891A976E0D00B1632D /* button_fb_s@3x.png in Resources */ = {isa = PBXBuildFile; fileRef = BFCA25761A976E0D00B1632D /* button_fb_s@3x.png */; };
		BFCA258A1A976E0D00B1632D /* button_for_test@3x.png in Resources */ = {isa = PBXBuildFile; fileRef = BFCA25771A976E0D00B1632D /* button_for_test@3x.png */; };
		BFCA258B1A976E0D00B1632D /* button_s@3x.png in Resources */ = {isa = PBXBuildFile; fileRef = BFCA25781A976E0D00B1632D /* button_s@3x.png */; };
		BFCA258C1A976E0D00B1632D /* frame@3x.png in Resources */ = {isa = PBXBuildFile; fileRef = BFCA257A1A976E0D00B1632D /* frame@3x.png */; };
		BFCA258D1A976E0D00B1632D /* frame_small@3x.png in Resources */ = {isa = PBXBuildFile; fileRef = BFCA257B1A976E0D00B1632D /* frame_small@3x.png */; };
		BFCA258E1A976E0D00B1632D /* indicator@3x.png in Resources */ = {isa = PBXBuildFile; fileRef = BFCA257C1A976E0D00B1632D /* indicator@3x.png */; };
		BFCA258F1A976E0D00B1632D /* logo@3x.png in Resources */ = {isa = PBXBuildFile; fileRef = BFCA257D1A976E0D00B1632D /* logo@3x.png */; };
		BFCA25901A976E0D00B1632D /* separator@3x.png in Resources */ = {isa = PBXBuildFile; fileRef = BFCA257E1A976E0D00B1632D /* separator@3x.png */; };
		BFCA25921A9791D000B1632D /* but_back@3x.png in Resources */ = {isa = PBXBuildFile; fileRef = BFCA25911A9791D000B1632D /* but_back@3x.png */; };
		BFCE0C7A1A9E2F7400A9AEF3 /* UIView+Shake.m in Sources */ = {isa = PBXBuildFile; fileRef = BFCE0C791A9E2F7400A9AEF3 /* UIView+Shake.m */; };
		BFCE5F4C1A96004B0063E404 /* main.m in Sources */ = {isa = PBXBuildFile; fileRef = BFCE5F4B1A96004B0063E404 /* main.m */; };
		BFCE5F4F1A96004B0063E404 /* AppDelegate.m in Sources */ = {isa = PBXBuildFile; fileRef = BFCE5F4E1A96004B0063E404 /* AppDelegate.m */; };
		BFCE5F521A96004B0063E404 /* ViewController.m in Sources */ = {isa = PBXBuildFile; fileRef = BFCE5F511A96004B0063E404 /* ViewController.m */; };
		BFCE5F551A96004B0063E404 /* Main.storyboard in Resources */ = {isa = PBXBuildFile; fileRef = BFCE5F531A96004B0063E404 /* Main.storyboard */; };
		BFCE5F571A96004B0063E404 /* Images.xcassets in Resources */ = {isa = PBXBuildFile; fileRef = BFCE5F561A96004B0063E404 /* Images.xcassets */; };
		BFCE5F5A1A96004B0063E404 /* LaunchScreen.xib in Resources */ = {isa = PBXBuildFile; fileRef = BFCE5F581A96004B0063E404 /* LaunchScreen.xib */; };
		BFCE5F661A96004B0063E404 /* psychoTests.m in Sources */ = {isa = PBXBuildFile; fileRef = BFCE5F651A96004B0063E404 /* psychoTests.m */; };
		BFCE5F721A9643BA0063E404 /* result1m.json in Resources */ = {isa = PBXBuildFile; fileRef = BFCE5F701A9643BA0063E404 /* result1m.json */; };
		BFCE5F731A9643BA0063E404 /* test1.json in Resources */ = {isa = PBXBuildFile; fileRef = BFCE5F711A9643BA0063E404 /* test1.json */; };
		BFD1F3861A9DCF2100B5EA5B /* DSLoginViewController.m in Sources */ = {isa = PBXBuildFile; fileRef = BFD1F3851A9DCF2100B5EA5B /* DSLoginViewController.m */; };
/* End PBXBuildFile section */

/* Begin PBXContainerItemProxy section */
		BFCE5F601A96004B0063E404 /* PBXContainerItemProxy */ = {
			isa = PBXContainerItemProxy;
			containerPortal = BFCE5F3E1A96004B0063E404 /* Project object */;
			proxyType = 1;
			remoteGlobalIDString = BFCE5F451A96004B0063E404;
			remoteInfo = psycho;
		};
/* End PBXContainerItemProxy section */

/* Begin PBXFileReference section */
		3202F10C1A993C8600B59662 /* Entitlements.plist */ = {isa = PBXFileReference; fileEncoding = 4; lastKnownFileType = text.plist.xml; path = Entitlements.plist; sourceTree = "<group>"; };
		BFB78B511A9DE3D300B35F5B /* button_share_s@3x.png */ = {isa = PBXFileReference; lastKnownFileType = image.png; path = "button_share_s@3x.png"; sourceTree = "<group>"; };
		BFB78B521A9DE3D300B35F5B /* button_share@3x.png */ = {isa = PBXFileReference; lastKnownFileType = image.png; path = "button_share@3x.png"; sourceTree = "<group>"; };
		BFCA254F1A973B7300B1632D /* DSSelectTestViewController.h */ = {isa = PBXFileReference; fileEncoding = 4; lastKnownFileType = sourcecode.c.h; name = DSSelectTestViewController.h; path = psycho/ViewControllers/DSSelectTestViewController.h; sourceTree = "<group>"; };
		BFCA25501A973B7300B1632D /* DSSelectTestViewController.m */ = {isa = PBXFileReference; fileEncoding = 4; lastKnownFileType = sourcecode.c.objc; name = DSSelectTestViewController.m; path = psycho/ViewControllers/DSSelectTestViewController.m; sourceTree = "<group>"; };
		BFCA25521A973B9C00B1632D /* DSConfirmTestViewController.h */ = {isa = PBXFileReference; fileEncoding = 4; lastKnownFileType = sourcecode.c.h; name = DSConfirmTestViewController.h; path = psycho/ViewControllers/DSConfirmTestViewController.h; sourceTree = "<group>"; };
		BFCA25531A973B9C00B1632D /* DSConfirmTestViewController.m */ = {isa = PBXFileReference; fileEncoding = 4; lastKnownFileType = sourcecode.c.objc; name = DSConfirmTestViewController.m; path = psycho/ViewControllers/DSConfirmTestViewController.m; sourceTree = "<group>"; };
		BFCA25551A973BBA00B1632D /* DSSelectSexViewController.h */ = {isa = PBXFileReference; fileEncoding = 4; lastKnownFileType = sourcecode.c.h; name = DSSelectSexViewController.h; path = psycho/ViewControllers/DSSelectSexViewController.h; sourceTree = "<group>"; };
		BFCA25561A973BBA00B1632D /* DSSelectSexViewController.m */ = {isa = PBXFileReference; fileEncoding = 4; lastKnownFileType = sourcecode.c.objc; name = DSSelectSexViewController.m; path = psycho/ViewControllers/DSSelectSexViewController.m; sourceTree = "<group>"; };
		BFCA25581A973CE700B1632D /* DSTestViewController.h */ = {isa = PBXFileReference; fileEncoding = 4; lastKnownFileType = sourcecode.c.h; name = DSTestViewController.h; path = psycho/ViewControllers/DSTestViewController.h; sourceTree = "<group>"; };
		BFCA25591A973CE700B1632D /* DSTestViewController.m */ = {isa = PBXFileReference; fileEncoding = 4; lastKnownFileType = sourcecode.c.objc; name = DSTestViewController.m; path = psycho/ViewControllers/DSTestViewController.m; sourceTree = "<group>"; };
		BFCA255B1A973D0400B1632D /* DSResultTestViewController.h */ = {isa = PBXFileReference; fileEncoding = 4; lastKnownFileType = sourcecode.c.h; name = DSResultTestViewController.h; path = psycho/ViewControllers/DSResultTestViewController.h; sourceTree = "<group>"; };
		BFCA255C1A973D0400B1632D /* DSResultTestViewController.m */ = {isa = PBXFileReference; fileEncoding = 4; lastKnownFileType = sourcecode.c.objc; name = DSResultTestViewController.m; path = psycho/ViewControllers/DSResultTestViewController.m; sourceTree = "<group>"; };
		BFCA255F1A97411200B1632D /* DSTestManager.h */ = {isa = PBXFileReference; fileEncoding = 4; lastKnownFileType = sourcecode.c.h; name = DSTestManager.h; path = psycho/manager/DSTestManager.h; sourceTree = "<group>"; };
		BFCA25601A97411200B1632D /* DSTestManager.m */ = {isa = PBXFileReference; fileEncoding = 4; lastKnownFileType = sourcecode.c.objc; name = DSTestManager.m; path = psycho/manager/DSTestManager.m; sourceTree = "<group>"; };
		BFCA256B1A976E0D00B1632D /* bg@3x.png */ = {isa = PBXFileReference; lastKnownFileType = image.png; path = "bg@3x.png"; sourceTree = "<group>"; };
		BFCA256D1A976E0D00B1632D /* but_info@3x.png */ = {isa = PBXFileReference; lastKnownFileType = image.png; path = "but_info@3x.png"; sourceTree = "<group>"; };
		BFCA256E1A976E0D00B1632D /* but_info_big@3x.png */ = {isa = PBXFileReference; lastKnownFileType = image.png; path = "but_info_big@3x.png"; sourceTree = "<group>"; };
		BFCA256F1A976E0D00B1632D /* but_info_big_s@3x.png */ = {isa = PBXFileReference; lastKnownFileType = image.png; path = "but_info_big_s@3x.png"; sourceTree = "<group>"; };
		BFCA25701A976E0D00B1632D /* but_onwards@3x.png */ = {isa = PBXFileReference; lastKnownFileType = image.png; path = "but_onwards@3x.png"; sourceTree = "<group>"; };
		BFCA25711A976E0D00B1632D /* but_onwards_s@3x.png */ = {isa = PBXFileReference; lastKnownFileType = image.png; path = "but_onwards_s@3x.png"; sourceTree = "<group>"; };
		BFCA25721A976E0D00B1632D /* button@3x.png */ = {isa = PBXFileReference; lastKnownFileType = image.png; path = "button@3x.png"; sourceTree = "<group>"; };
		BFCA25731A976E0D00B1632D /* button_begin@3x.png */ = {isa = PBXFileReference; lastKnownFileType = image.png; path = "button_begin@3x.png"; sourceTree = "<group>"; };
		BFCA25741A976E0D00B1632D /* button_begin_s@3x.png */ = {isa = PBXFileReference; lastKnownFileType = image.png; path = "button_begin_s@3x.png"; sourceTree = "<group>"; };
		BFCA25751A976E0D00B1632D /* button_fb@3x.png */ = {isa = PBXFileReference; lastKnownFileType = image.png; path = "button_fb@3x.png"; sourceTree = "<group>"; };
		BFCA25761A976E0D00B1632D /* button_fb_s@3x.png */ = {isa = PBXFileReference; lastKnownFileType = image.png; path = "button_fb_s@3x.png"; sourceTree = "<group>"; };
		BFCA25771A976E0D00B1632D /* button_for_test@3x.png */ = {isa = PBXFileReference; lastKnownFileType = image.png; path = "button_for_test@3x.png"; sourceTree = "<group>"; };
		BFCA25781A976E0D00B1632D /* button_s@3x.png */ = {isa = PBXFileReference; lastKnownFileType = image.png; path = "button_s@3x.png"; sourceTree = "<group>"; };
		BFCA257A1A976E0D00B1632D /* frame@3x.png */ = {isa = PBXFileReference; lastKnownFileType = image.png; path = "frame@3x.png"; sourceTree = "<group>"; };
		BFCA257B1A976E0D00B1632D /* frame_small@3x.png */ = {isa = PBXFileReference; lastKnownFileType = image.png; path = "frame_small@3x.png"; sourceTree = "<group>"; };
		BFCA257C1A976E0D00B1632D /* indicator@3x.png */ = {isa = PBXFileReference; lastKnownFileType = image.png; path = "indicator@3x.png"; sourceTree = "<group>"; };
		BFCA257D1A976E0D00B1632D /* logo@3x.png */ = {isa = PBXFileReference; lastKnownFileType = image.png; path = "logo@3x.png"; sourceTree = "<group>"; };
		BFCA257E1A976E0D00B1632D /* separator@3x.png */ = {isa = PBXFileReference; lastKnownFileType = image.png; path = "separator@3x.png"; sourceTree = "<group>"; };
		BFCA25911A9791D000B1632D /* but_back@3x.png */ = {isa = PBXFileReference; lastKnownFileType = image.png; path = "but_back@3x.png"; sourceTree = "<group>"; };
		BFCE0C781A9E2F7400A9AEF3 /* UIView+Shake.h */ = {isa = PBXFileReference; fileEncoding = 4; lastKnownFileType = sourcecode.c.h; path = "UIView+Shake.h"; sourceTree = "<group>"; };
		BFCE0C791A9E2F7400A9AEF3 /* UIView+Shake.m */ = {isa = PBXFileReference; fileEncoding = 4; lastKnownFileType = sourcecode.c.objc; path = "UIView+Shake.m"; sourceTree = "<group>"; };
		BFCE5F461A96004B0063E404 /* psycho.app */ = {isa = PBXFileReference; explicitFileType = wrapper.application; includeInIndex = 0; path = psycho.app; sourceTree = BUILT_PRODUCTS_DIR; };
		BFCE5F4A1A96004B0063E404 /* Info.plist */ = {isa = PBXFileReference; lastKnownFileType = text.plist.xml; path = Info.plist; sourceTree = "<group>"; };
		BFCE5F4B1A96004B0063E404 /* main.m */ = {isa = PBXFileReference; lastKnownFileType = sourcecode.c.objc; path = main.m; sourceTree = "<group>"; };
		BFCE5F4D1A96004B0063E404 /* AppDelegate.h */ = {isa = PBXFileReference; lastKnownFileType = sourcecode.c.h; path = AppDelegate.h; sourceTree = "<group>"; };
		BFCE5F4E1A96004B0063E404 /* AppDelegate.m */ = {isa = PBXFileReference; lastKnownFileType = sourcecode.c.objc; path = AppDelegate.m; sourceTree = "<group>"; };
		BFCE5F501A96004B0063E404 /* ViewController.h */ = {isa = PBXFileReference; lastKnownFileType = sourcecode.c.h; path = ViewController.h; sourceTree = "<group>"; };
		BFCE5F511A96004B0063E404 /* ViewController.m */ = {isa = PBXFileReference; lastKnownFileType = sourcecode.c.objc; path = ViewController.m; sourceTree = "<group>"; };
		BFCE5F541A96004B0063E404 /* Base */ = {isa = PBXFileReference; lastKnownFileType = file.storyboard; name = Base; path = Base.lproj/Main.storyboard; sourceTree = "<group>"; };
		BFCE5F561A96004B0063E404 /* Images.xcassets */ = {isa = PBXFileReference; lastKnownFileType = folder.assetcatalog; path = Images.xcassets; sourceTree = "<group>"; };
		BFCE5F591A96004B0063E404 /* Base */ = {isa = PBXFileReference; lastKnownFileType = file.xib; name = Base; path = Base.lproj/LaunchScreen.xib; sourceTree = "<group>"; };
		BFCE5F5F1A96004B0063E404 /* psychoTests.xctest */ = {isa = PBXFileReference; explicitFileType = wrapper.cfbundle; includeInIndex = 0; path = psychoTests.xctest; sourceTree = BUILT_PRODUCTS_DIR; };
		BFCE5F641A96004B0063E404 /* Info.plist */ = {isa = PBXFileReference; lastKnownFileType = text.plist.xml; path = Info.plist; sourceTree = "<group>"; };
		BFCE5F651A96004B0063E404 /* psychoTests.m */ = {isa = PBXFileReference; lastKnownFileType = sourcecode.c.objc; path = psychoTests.m; sourceTree = "<group>"; };
		BFCE5F701A9643BA0063E404 /* result1m.json */ = {isa = PBXFileReference; fileEncoding = 4; lastKnownFileType = text.json; name = result1m.json; path = psycho/files/result1m.json; sourceTree = "<group>"; };
		BFCE5F711A9643BA0063E404 /* test1.json */ = {isa = PBXFileReference; fileEncoding = 4; lastKnownFileType = text.json; name = test1.json; path = psycho/files/test1.json; sourceTree = "<group>"; };
		BFD1F3841A9DCF2100B5EA5B /* DSLoginViewController.h */ = {isa = PBXFileReference; fileEncoding = 4; lastKnownFileType = sourcecode.c.h; name = DSLoginViewController.h; path = psycho/ViewControllers/DSLoginViewController.h; sourceTree = "<group>"; };
		BFD1F3851A9DCF2100B5EA5B /* DSLoginViewController.m */ = {isa = PBXFileReference; fileEncoding = 4; lastKnownFileType = sourcecode.c.objc; name = DSLoginViewController.m; path = psycho/ViewControllers/DSLoginViewController.m; sourceTree = "<group>"; };
/* End PBXFileReference section */

/* Begin PBXFrameworksBuildPhase section */
		BFCE5F431A96004B0063E404 /* Frameworks */ = {
			isa = PBXFrameworksBuildPhase;
			buildActionMask = 2147483647;
			files = (
			);
			runOnlyForDeploymentPostprocessing = 0;
		};
		BFCE5F5C1A96004B0063E404 /* Frameworks */ = {
			isa = PBXFrameworksBuildPhase;
			buildActionMask = 2147483647;
			files = (
			);
			runOnlyForDeploymentPostprocessing = 0;
		};
/* End PBXFrameworksBuildPhase section */

/* Begin PBXGroup section */
		BFCA25371A97365100B1632D /* lib */ = {
			isa = PBXGroup;
			children = (
			);
			name = lib;
			sourceTree = "<group>";
		};
		BFCA255E1A973EFE00B1632D /* manager */ = {
			isa = PBXGroup;
			children = (
				BFCA255F1A97411200B1632D /* DSTestManager.h */,
				BFCA25601A97411200B1632D /* DSTestManager.m */,
			);
			name = manager;
			sourceTree = "<group>";
		};
		BFCA25621A97546600B1632D /* image */ = {
			isa = PBXGroup;
			children = (
				BFCA256A1A976E0D00B1632D /* bg */,
				BFCA256C1A976E0D00B1632D /* buttons */,
				BFCA25791A976E0D00B1632D /* other */,
			);
			name = image;
			sourceTree = "<group>";
		};
		BFCA256A1A976E0D00B1632D /* bg */ = {
			isa = PBXGroup;
			children = (
				BFCA256B1A976E0D00B1632D /* bg@3x.png */,
			);
			name = bg;
			path = psycho/images/bg;
			sourceTree = "<group>";
		};
		BFCA256C1A976E0D00B1632D /* buttons */ = {
			isa = PBXGroup;
			children = (
				BFB78B511A9DE3D300B35F5B /* button_share_s@3x.png */,
				BFB78B521A9DE3D300B35F5B /* button_share@3x.png */,
				BFCA25911A9791D000B1632D /* but_back@3x.png */,
				BFCA256D1A976E0D00B1632D /* but_info@3x.png */,
				BFCA256E1A976E0D00B1632D /* but_info_big@3x.png */,
				BFCA256F1A976E0D00B1632D /* but_info_big_s@3x.png */,
				BFCA25701A976E0D00B1632D /* but_onwards@3x.png */,
				BFCA25711A976E0D00B1632D /* but_onwards_s@3x.png */,
				BFCA25721A976E0D00B1632D /* button@3x.png */,
				BFCA25731A976E0D00B1632D /* button_begin@3x.png */,
				BFCA25741A976E0D00B1632D /* button_begin_s@3x.png */,
				BFCA25751A976E0D00B1632D /* button_fb@3x.png */,
				BFCA25761A976E0D00B1632D /* button_fb_s@3x.png */,
				BFCA25771A976E0D00B1632D /* button_for_test@3x.png */,
				BFCA25781A976E0D00B1632D /* button_s@3x.png */,
			);
			name = buttons;
			path = psycho/images/buttons;
			sourceTree = "<group>";
		};
		BFCA25791A976E0D00B1632D /* other */ = {
			isa = PBXGroup;
			children = (
				BFCA257A1A976E0D00B1632D /* frame@3x.png */,
				BFCA257B1A976E0D00B1632D /* frame_small@3x.png */,
				BFCA257C1A976E0D00B1632D /* indicator@3x.png */,
				BFCA257D1A976E0D00B1632D /* logo@3x.png */,
				BFCA257E1A976E0D00B1632D /* separator@3x.png */,
			);
			name = other;
			path = psycho/images/other;
			sourceTree = "<group>";
		};
		BFCE0C771A9E2F7400A9AEF3 /* Category */ = {
			isa = PBXGroup;
			children = (
				BFCE0C781A9E2F7400A9AEF3 /* UIView+Shake.h */,
				BFCE0C791A9E2F7400A9AEF3 /* UIView+Shake.m */,
			);
			name = Category;
			path = psycho/Category;
			sourceTree = "<group>";
		};
		BFCE5F3D1A96004B0063E404 = {
			isa = PBXGroup;
			children = (
				BFCE0C771A9E2F7400A9AEF3 /* Category */,
				3202F10C1A993C8600B59662 /* Entitlements.plist */,
				BFCA25621A97546600B1632D /* image */,
				BFCA255E1A973EFE00B1632D /* manager */,
				BFCA25371A97365100B1632D /* lib */,
				BFCE5F751A964A2C0063E404 /* controllers */,
				BFCE5F6F1A9643AC0063E404 /* files */,
				BFCE5F481A96004B0063E404 /* psycho */,
				BFCE5F621A96004B0063E404 /* psychoTests */,
				BFCE5F471A96004B0063E404 /* Products */,
			);
			sourceTree = "<group>";
		};
		BFCE5F471A96004B0063E404 /* Products */ = {
			isa = PBXGroup;
			children = (
				BFCE5F461A96004B0063E404 /* psycho.app */,
				BFCE5F5F1A96004B0063E404 /* psychoTests.xctest */,
			);
			name = Products;
			sourceTree = "<group>";
		};
		BFCE5F481A96004B0063E404 /* psycho */ = {
			isa = PBXGroup;
			children = (
				BFCE5F4D1A96004B0063E404 /* AppDelegate.h */,
				BFCE5F4E1A96004B0063E404 /* AppDelegate.m */,
				BFCE5F501A96004B0063E404 /* ViewController.h */,
				BFCE5F511A96004B0063E404 /* ViewController.m */,
				BFCE5F531A96004B0063E404 /* Main.storyboard */,
				BFCE5F561A96004B0063E404 /* Images.xcassets */,
				BFCE5F581A96004B0063E404 /* LaunchScreen.xib */,
				BFCE5F491A96004B0063E404 /* Supporting Files */,
			);
			path = psycho;
			sourceTree = "<group>";
		};
		BFCE5F491A96004B0063E404 /* Supporting Files */ = {
			isa = PBXGroup;
			children = (
				BFCE5F4A1A96004B0063E404 /* Info.plist */,
				BFCE5F4B1A96004B0063E404 /* main.m */,
			);
			name = "Supporting Files";
			sourceTree = "<group>";
		};
		BFCE5F621A96004B0063E404 /* psychoTests */ = {
			isa = PBXGroup;
			children = (
				BFCE5F651A96004B0063E404 /* psychoTests.m */,
				BFCE5F631A96004B0063E404 /* Supporting Files */,
			);
			path = psychoTests;
			sourceTree = "<group>";
		};
		BFCE5F631A96004B0063E404 /* Supporting Files */ = {
			isa = PBXGroup;
			children = (
				BFCE5F641A96004B0063E404 /* Info.plist */,
			);
			name = "Supporting Files";
			sourceTree = "<group>";
		};
		BFCE5F6F1A9643AC0063E404 /* files */ = {
			isa = PBXGroup;
			children = (
				BFCE5F701A9643BA0063E404 /* result1m.json */,
				BFCE5F711A9643BA0063E404 /* test1.json */,
			);
			name = files;
			sourceTree = "<group>";
		};
		BFCE5F751A964A2C0063E404 /* controllers */ = {
			isa = PBXGroup;
			children = (
				BFCA254F1A973B7300B1632D /* DSSelectTestViewController.h */,
				BFCA25501A973B7300B1632D /* DSSelectTestViewController.m */,
				BFCA25521A973B9C00B1632D /* DSConfirmTestViewController.h */,
				BFCA25531A973B9C00B1632D /* DSConfirmTestViewController.m */,
				BFCA25551A973BBA00B1632D /* DSSelectSexViewController.h */,
				BFCA25561A973BBA00B1632D /* DSSelectSexViewController.m */,
				BFCA25581A973CE700B1632D /* DSTestViewController.h */,
				BFCA25591A973CE700B1632D /* DSTestViewController.m */,
				BFCA255B1A973D0400B1632D /* DSResultTestViewController.h */,
				BFCA255C1A973D0400B1632D /* DSResultTestViewController.m */,
				BFD1F3841A9DCF2100B5EA5B /* DSLoginViewController.h */,
				BFD1F3851A9DCF2100B5EA5B /* DSLoginViewController.m */,
			);
			name = controllers;
			sourceTree = "<group>";
		};
/* End PBXGroup section */

/* Begin PBXNativeTarget section */
		BFCE5F451A96004B0063E404 /* psycho */ = {
			isa = PBXNativeTarget;
			buildConfigurationList = BFCE5F691A96004B0063E404 /* Build configuration list for PBXNativeTarget "psycho" */;
			buildPhases = (
				BFCE5F421A96004B0063E404 /* Sources */,
				BFCE5F431A96004B0063E404 /* Frameworks */,
				BFCE5F441A96004B0063E404 /* Resources */,
			);
			buildRules = (
			);
			dependencies = (
			);
			name = psycho;
			productName = psycho;
			productReference = BFCE5F461A96004B0063E404 /* psycho.app */;
			productType = "com.apple.product-type.application";
		};
		BFCE5F5E1A96004B0063E404 /* psychoTests */ = {
			isa = PBXNativeTarget;
			buildConfigurationList = BFCE5F6C1A96004B0063E404 /* Build configuration list for PBXNativeTarget "psychoTests" */;
			buildPhases = (
				BFCE5F5B1A96004B0063E404 /* Sources */,
				BFCE5F5C1A96004B0063E404 /* Frameworks */,
				BFCE5F5D1A96004B0063E404 /* Resources */,
			);
			buildRules = (
			);
			dependencies = (
				BFCE5F611A96004B0063E404 /* PBXTargetDependency */,
			);
			name = psychoTests;
			productName = psychoTests;
			productReference = BFCE5F5F1A96004B0063E404 /* psychoTests.xctest */;
			productType = "com.apple.product-type.bundle.unit-test";
		};
/* End PBXNativeTarget section */

/* Begin PBXProject section */
		BFCE5F3E1A96004B0063E404 /* Project object */ = {
			isa = PBXProject;
			attributes = {
				LastUpgradeCheck = 0610;
				ORGANIZATIONNAME = bestappstudio;
				TargetAttributes = {
					BFCE5F451A96004B0063E404 = {
						CreatedOnToolsVersion = 6.1.1;
					};
					BFCE5F5E1A96004B0063E404 = {
						CreatedOnToolsVersion = 6.1.1;
						TestTargetID = BFCE5F451A96004B0063E404;
					};
				};
			};
			buildConfigurationList = BFCE5F411A96004B0063E404 /* Build configuration list for PBXProject "psycho" */;
			compatibilityVersion = "Xcode 3.2";
			developmentRegion = English;
			hasScannedForEncodings = 0;
			knownRegions = (
				en,
				Base,
			);
			mainGroup = BFCE5F3D1A96004B0063E404;
			productRefGroup = BFCE5F471A96004B0063E404 /* Products */;
			projectDirPath = "";
			projectRoot = "";
			targets = (
				BFCE5F451A96004B0063E404 /* psycho */,
				BFCE5F5E1A96004B0063E404 /* psychoTests */,
			);
		};
/* End PBXProject section */

/* Begin PBXResourcesBuildPhase section */
		BFCE5F441A96004B0063E404 /* Resources */ = {
			isa = PBXResourcesBuildPhase;
			buildActionMask = 2147483647;
			files = (
				BFCA25841A976E0D00B1632D /* but_onwards_s@3x.png in Resources */,
				BFCA25871A976E0D00B1632D /* button_begin_s@3x.png in Resources */,
				BFCA25831A976E0D00B1632D /* but_onwards@3x.png in Resources */,
				BFCA25811A976E0D00B1632D /* but_info_big@3x.png in Resources */,
				BFCA258F1A976E0D00B1632D /* logo@3x.png in Resources */,
				BFCA257F1A976E0D00B1632D /* bg@3x.png in Resources */,
				BFCA25891A976E0D00B1632D /* button_fb_s@3x.png in Resources */,
				BFCA258C1A976E0D00B1632D /* frame@3x.png in Resources */,
				BFCA25921A9791D000B1632D /* but_back@3x.png in Resources */,
				BFCA25861A976E0D00B1632D /* button_begin@3x.png in Resources */,
				BFCA258E1A976E0D00B1632D /* indicator@3x.png in Resources */,
				BFCE5F721A9643BA0063E404 /* result1m.json in Resources */,
				BFB78B541A9DE3D300B35F5B /* button_share@3x.png in Resources */,
				BFCA25821A976E0D00B1632D /* but_info_big_s@3x.png in Resources */,
				BFCE5F551A96004B0063E404 /* Main.storyboard in Resources */,
				BFCA258D1A976E0D00B1632D /* frame_small@3x.png in Resources */,
				BFB78B531A9DE3D300B35F5B /* button_share_s@3x.png in Resources */,
				BFCA25851A976E0D00B1632D /* button@3x.png in Resources */,
				BFCA25801A976E0D00B1632D /* but_info@3x.png in Resources */,
				BFCA258A1A976E0D00B1632D /* button_for_test@3x.png in Resources */,
				BFCA25901A976E0D00B1632D /* separator@3x.png in Resources */,
				BFCA258B1A976E0D00B1632D /* button_s@3x.png in Resources */,
				BFCE5F5A1A96004B0063E404 /* LaunchScreen.xib in Resources */,
				BFCE5F731A9643BA0063E404 /* test1.json in Resources */,
				BFCA25881A976E0D00B1632D /* button_fb@3x.png in Resources */,
				3202F10D1A993C8600B59662 /* Entitlements.plist in Resources */,
				BFCE5F571A96004B0063E404 /* Images.xcassets in Resources */,
			);
			runOnlyForDeploymentPostprocessing = 0;
		};
		BFCE5F5D1A96004B0063E404 /* Resources */ = {
			isa = PBXResourcesBuildPhase;
			buildActionMask = 2147483647;
			files = (
			);
			runOnlyForDeploymentPostprocessing = 0;
		};
/* End PBXResourcesBuildPhase section */

/* Begin PBXSourcesBuildPhase section */
		BFCE5F421A96004B0063E404 /* Sources */ = {
			isa = PBXSourcesBuildPhase;
			buildActionMask = 2147483647;
			files = (
				BFCE5F521A96004B0063E404 /* ViewController.m in Sources */,
				BFD1F3861A9DCF2100B5EA5B /* DSLoginViewController.m in Sources */,
				BFCA25511A973B7300B1632D /* DSSelectTestViewController.m in Sources */,
				BFCA255D1A973D0400B1632D /* DSResultTestViewController.m in Sources */,
				BFCA25611A97411200B1632D /* DSTestManager.m in Sources */,
				BFCE5F4F1A96004B0063E404 /* AppDelegate.m in Sources */,
				BFCA255A1A973CE700B1632D /* DSTestViewController.m in Sources */,
				BFCE0C7A1A9E2F7400A9AEF3 /* UIView+Shake.m in Sources */,
				BFCA25541A973B9C00B1632D /* DSConfirmTestViewController.m in Sources */,
				BFCE5F4C1A96004B0063E404 /* main.m in Sources */,
				BFCA25571A973BBA00B1632D /* DSSelectSexViewController.m in Sources */,
			);
			runOnlyForDeploymentPostprocessing = 0;
		};
		BFCE5F5B1A96004B0063E404 /* Sources */ = {
			isa = PBXSourcesBuildPhase;
			buildActionMask = 2147483647;
			files = (
				BFCE5F661A96004B0063E404 /* psychoTests.m in Sources */,
			);
			runOnlyForDeploymentPostprocessing = 0;
		};
/* End PBXSourcesBuildPhase section */

/* Begin PBXTargetDependency section */
		BFCE5F611A96004B0063E404 /* PBXTargetDependency */ = {
			isa = PBXTargetDependency;
			target = BFCE5F451A96004B0063E404 /* psycho */;
			targetProxy = BFCE5F601A96004B0063E404 /* PBXContainerItemProxy */;
		};
/* End PBXTargetDependency section */

/* Begin PBXVariantGroup section */
		BFCE5F531A96004B0063E404 /* Main.storyboard */ = {
			isa = PBXVariantGroup;
			children = (
				BFCE5F541A96004B0063E404 /* Base */,
			);
			name = Main.storyboard;
			sourceTree = "<group>";
		};
		BFCE5F581A96004B0063E404 /* LaunchScreen.xib */ = {
			isa = PBXVariantGroup;
			children = (
				BFCE5F591A96004B0063E404 /* Base */,
			);
			name = LaunchScreen.xib;
			sourceTree = "<group>";
		};
/* End PBXVariantGroup section */

/* Begin XCBuildConfiguration section */
		BFCE5F671A96004B0063E404 /* Debug */ = {
			isa = XCBuildConfiguration;
			buildSettings = {
				ALWAYS_SEARCH_USER_PATHS = NO;
				CLANG_CXX_LANGUAGE_STANDARD = "gnu++0x";
				CLANG_CXX_LIBRARY = "libc++";
				CLANG_ENABLE_MODULES = YES;
				CLANG_ENABLE_OBJC_ARC = YES;
				CLANG_WARN_BOOL_CONVERSION = YES;
				CLANG_WARN_CONSTANT_CONVERSION = YES;
				CLANG_WARN_DIRECT_OBJC_ISA_USAGE = YES_ERROR;
				CLANG_WARN_EMPTY_BODY = YES;
				CLANG_WARN_ENUM_CONVERSION = YES;
				CLANG_WARN_INT_CONVERSION = YES;
				CLANG_WARN_OBJC_ROOT_CLASS = YES_ERROR;
				CLANG_WARN_UNREACHABLE_CODE = YES;
				CLANG_WARN__DUPLICATE_METHOD_MATCH = YES;
				CODE_SIGN_IDENTITY = "iPhone Developer";
				"CODE_SIGN_IDENTITY[sdk=iphoneos*]" = "iPhone Developer";
				COPY_PHASE_STRIP = NO;
				ENABLE_STRICT_OBJC_MSGSEND = YES;
				GCC_C_LANGUAGE_STANDARD = gnu99;
				GCC_DYNAMIC_NO_PIC = NO;
				GCC_OPTIMIZATION_LEVEL = 0;
				GCC_PREPROCESSOR_DEFINITIONS = (
					"DEBUG=1",
					"$(inherited)",
				);
				GCC_SYMBOLS_PRIVATE_EXTERN = NO;
				GCC_WARN_64_TO_32_BIT_CONVERSION = YES;
				GCC_WARN_ABOUT_RETURN_TYPE = YES_ERROR;
				GCC_WARN_UNDECLARED_SELECTOR = YES;
				GCC_WARN_UNINITIALIZED_AUTOS = YES_AGGRESSIVE;
				GCC_WARN_UNUSED_FUNCTION = YES;
				GCC_WARN_UNUSED_VARIABLE = YES;
				IPHONEOS_DEPLOYMENT_TARGET = 7.0;
				MTL_ENABLE_DEBUG_INFO = YES;
				ONLY_ACTIVE_ARCH = YES;
				SDKROOT = iphoneos;
				TARGETED_DEVICE_FAMILY = "1,2";
			};
			name = Debug;
		};
		BFCE5F681A96004B0063E404 /* Release */ = {
			isa = XCBuildConfiguration;
			buildSettings = {
				ALWAYS_SEARCH_USER_PATHS = NO;
				CLANG_CXX_LANGUAGE_STANDARD = "gnu++0x";
				CLANG_CXX_LIBRARY = "libc++";
				CLANG_ENABLE_MODULES = YES;
				CLANG_ENABLE_OBJC_ARC = YES;
				CLANG_WARN_BOOL_CONVERSION = YES;
				CLANG_WARN_CONSTANT_CONVERSION = YES;
				CLANG_WARN_DIRECT_OBJC_ISA_USAGE = YES_ERROR;
				CLANG_WARN_EMPTY_BODY = YES;
				CLANG_WARN_ENUM_CONVERSION = YES;
				CLANG_WARN_INT_CONVERSION = YES;
				CLANG_WARN_OBJC_ROOT_CLASS = YES_ERROR;
				CLANG_WARN_UNREACHABLE_CODE = YES;
				CLANG_WARN__DUPLICATE_METHOD_MATCH = YES;
				CODE_SIGN_IDENTITY = "iPhone Developer";
				"CODE_SIGN_IDENTITY[sdk=iphoneos*]" = "iPhone Developer";
				COPY_PHASE_STRIP = YES;
				ENABLE_NS_ASSERTIONS = NO;
				ENABLE_STRICT_OBJC_MSGSEND = YES;
				GCC_C_LANGUAGE_STANDARD = gnu99;
				GCC_WARN_64_TO_32_BIT_CONVERSION = YES;
				GCC_WARN_ABOUT_RETURN_TYPE = YES_ERROR;
				GCC_WARN_UNDECLARED_SELECTOR = YES;
				GCC_WARN_UNINITIALIZED_AUTOS = YES_AGGRESSIVE;
				GCC_WARN_UNUSED_FUNCTION = YES;
				GCC_WARN_UNUSED_VARIABLE = YES;
				IPHONEOS_DEPLOYMENT_TARGET = 7.0;
				MTL_ENABLE_DEBUG_INFO = NO;
				SDKROOT = iphoneos;
				TARGETED_DEVICE_FAMILY = "1,2";
				VALIDATE_PRODUCT = YES;
			};
			name = Release;
		};
		BFCE5F6A1A96004B0063E404 /* Debug */ = {
			isa = XCBuildConfiguration;
			buildSettings = {
				ASSETCATALOG_COMPILER_APPICON_NAME = AppIcon;
				CODE_SIGN_ENTITLEMENTS = Entitlements.plist;
				INFOPLIST_FILE = psycho/Info.plist;
				LD_RUNPATH_SEARCH_PATHS = "$(inherited) @executable_path/Frameworks";
				PRODUCT_NAME = "$(TARGET_NAME)";
			};
			name = Debug;
		};
		BFCE5F6B1A96004B0063E404 /* Release */ = {
			isa = XCBuildConfiguration;
			buildSettings = {
				ASSETCATALOG_COMPILER_APPICON_NAME = AppIcon;
				CODE_SIGN_ENTITLEMENTS = Entitlements.plist;
				INFOPLIST_FILE = psycho/Info.plist;
				LD_RUNPATH_SEARCH_PATHS = "$(inherited) @executable_path/Frameworks";
				PRODUCT_NAME = "$(TARGET_NAME)";
			};
			name = Release;
		};
		BFCE5F6D1A96004B0063E404 /* Debug */ = {
			isa = XCBuildConfiguration;
			buildSettings = {
				BUNDLE_LOADER = "$(TEST_HOST)";
				FRAMEWORK_SEARCH_PATHS = (
					"$(SDKROOT)/Developer/Library/Frameworks",
					"$(inherited)",
				);
				GCC_PREPROCESSOR_DEFINITIONS = (
					"DEBUG=1",
					"$(inherited)",
				);
				INFOPLIST_FILE = psychoTests/Info.plist;
				LD_RUNPATH_SEARCH_PATHS = "$(inherited) @executable_path/Frameworks @loader_path/Frameworks";
				PRODUCT_NAME = "$(TARGET_NAME)";
				TEST_HOST = "$(BUILT_PRODUCTS_DIR)/psycho.app/psycho";
			};
			name = Debug;
		};
		BFCE5F6E1A96004B0063E404 /* Release */ = {
			isa = XCBuildConfiguration;
			buildSettings = {
				BUNDLE_LOADER = "$(TEST_HOST)";
				FRAMEWORK_SEARCH_PATHS = (
					"$(SDKROOT)/Developer/Library/Frameworks",
					"$(inherited)",
				);
				INFOPLIST_FILE = psychoTests/Info.plist;
				LD_RUNPATH_SEARCH_PATHS = "$(inherited) @executable_path/Frameworks @loader_path/Frameworks";
				PRODUCT_NAME = "$(TARGET_NAME)";
				TEST_HOST = "$(BUILT_PRODUCTS_DIR)/psycho.app/psycho";
			};
			name = Release;
		};
/* End XCBuildConfiguration section */

/* Begin XCConfigurationList section */
		BFCE5F411A96004B0063E404 /* Build configuration list for PBXProject "psycho" */ = {
			isa = XCConfigurationList;
			buildConfigurations = (
				BFCE5F671A96004B0063E404 /* Debug */,
				BFCE5F681A96004B0063E404 /* Release */,
			);
			defaultConfigurationIsVisible = 0;
			defaultConfigurationName = Release;
		};
		BFCE5F691A96004B0063E404 /* Build configuration list for PBXNativeTarget "psycho" */ = {
			isa = XCConfigurationList;
			buildConfigurations = (
				BFCE5F6A1A96004B0063E404 /* Debug */,
				BFCE5F6B1A96004B0063E404 /* Release */,
			);
			defaultConfigurationIsVisible = 0;
			defaultConfigurationName = Release;
		};
		BFCE5F6C1A96004B0063E404 /* Build configuration list for PBXNativeTarget "psychoTests" */ = {
			isa = XCConfigurationList;
			buildConfigurations = (
				BFCE5F6D1A96004B0063E404 /* Debug */,
				BFCE5F6E1A96004B0063E404 /* Release */,
			);
			defaultConfigurationIsVisible = 0;
			defaultConfigurationName = Release;
		};
/* End XCConfigurationList section */
	};
	rootObject = BFCE5F3E1A96004B0063E404 /* Project object */;
}
